
Microsoft Visual Studio Solution File, Format Version 12.00
# Visual Studio 2012
Project("{8BC9CEB8-8B4A-11D0-8D11-00A0C91BC942}") = "MathFuncDll", "MathFuncDll\MathFuncDll.vcxproj", "{EE4CA854-4276-4E57-9506-42D4D5737023}"
EndProject
Global
	GlobalSection(SolutionConfigurationPlatforms) = preSolution
		Debug|Win32 = Debug|Win32
		Release|Win32 = Release|Win32
	EndGlobalSection
	GlobalSection(ProjectConfigurationPlatforms) = postSolution
		{EE4CA854-4276-4E57-9506-42D4D5737023}.Debug|Win32.ActiveCfg = Debug|Win32
		{EE4CA854-4276-4E57-9506-42D4D5737023}.Debug|Win32.Build.0 = Debug|Win32
		{EE4CA854-4276-4E57-9506-42D4D5737023}.Release|Win32.ActiveCfg = Release|Win32
		{EE4CA854-4276-4E57-9506-42D4D5737023}.Release|Win32.Build.0 = Release|Win32
	EndGlobalSection
	GlobalSection(SolutionProperties) = preSolution
		HideSolutionNode = FALSE
	EndGlobalSection
EndGlobal
