
Microsoft Visual Studio Solution File, Format Version 11.00
# Visual Studio 2010
Project("{8BC9CEB8-8B4A-11D0-8D11-00A0C91BC942}") = "CPPWinForm02", "CPPWinForm02\CPPWinForm02.vcxproj", "{3BB88F3E-0CD5-49AD-AA0F-F67077DC30A2}"
EndProject
Global
	GlobalSection(SolutionConfigurationPlatforms) = preSolution
		Debug|Win32 = Debug|Win32
		Release|Win32 = Release|Win32
	EndGlobalSection
	GlobalSection(ProjectConfigurationPlatforms) = postSolution
		{3BB88F3E-0CD5-49AD-AA0F-F67077DC30A2}.Debug|Win32.ActiveCfg = Debug|Win32
		{3BB88F3E-0CD5-49AD-AA0F-F67077DC30A2}.Debug|Win32.Build.0 = Debug|Win32
		{3BB88F3E-0CD5-49AD-AA0F-F67077DC30A2}.Release|Win32.ActiveCfg = Release|Win32
		{3BB88F3E-0CD5-49AD-AA0F-F67077DC30A2}.Release|Win32.Build.0 = Release|Win32
	EndGlobalSection
	GlobalSection(SolutionProperties) = preSolution
		HideSolutionNode = FALSE
	EndGlobalSection
EndGlobal
