
Microsoft Visual Studio Solution File, Format Version 11.00
# Visual Studio 2010
Project("{8BC9CEB8-8B4A-11D0-8D11-00A0C91BC942}") = "CPPConsole04", "CPPConsole04\CPPConsole04.vcxproj", "{F921676F-EA21-431F-989E-AE0131E7B96C}"
EndProject
Global
	GlobalSection(SolutionConfigurationPlatforms) = preSolution
		Debug|Win32 = Debug|Win32
		Release|Win32 = Release|Win32
	EndGlobalSection
	GlobalSection(ProjectConfigurationPlatforms) = postSolution
		{F921676F-EA21-431F-989E-AE0131E7B96C}.Debug|Win32.ActiveCfg = Debug|Win32
		{F921676F-EA21-431F-989E-AE0131E7B96C}.Debug|Win32.Build.0 = Debug|Win32
		{F921676F-EA21-431F-989E-AE0131E7B96C}.Release|Win32.ActiveCfg = Release|Win32
		{F921676F-EA21-431F-989E-AE0131E7B96C}.Release|Win32.Build.0 = Release|Win32
	EndGlobalSection
	GlobalSection(SolutionProperties) = preSolution
		HideSolutionNode = FALSE
	EndGlobalSection
EndGlobal
