
Microsoft Visual Studio Solution File, Format Version 11.00
# Visual Studio 2010
Project("{8BC9CEB8-8B4A-11D0-8D11-00A0C91BC942}") = "3_1_1_UsingPimpl", "3_1_1_UsingPimpl\3_1_1_UsingPimpl.vcxproj", "{2BD3EFF9-29EC-4295-882C-B11D7BE7C81E}"
EndProject
Project("{8BC9CEB8-8B4A-11D0-8D11-00A0C91BC942}") = "3_2_1_ImplementingSingletons", "3_2_1_ImplementingSingletons\3_2_1_ImplementingSingletons.vcxproj", "{9355337A-1BCF-4B01-BC77-22125250431C}"
EndProject
Project("{8BC9CEB8-8B4A-11D0-8D11-00A0C91BC942}") = "3_2_4_SingletonVersusMonostate", "3_2_4_SingletonVersusMonostate\3_2_4_SingletonVersusMonostate.vcxproj", "{B6D30784-FECB-49D8-A185-351AD9BC9D93}"
EndProject
Global
	GlobalSection(SolutionConfigurationPlatforms) = preSolution
		Debug|Win32 = Debug|Win32
		Release|Win32 = Release|Win32
	EndGlobalSection
	GlobalSection(ProjectConfigurationPlatforms) = postSolution
		{2BD3EFF9-29EC-4295-882C-B11D7BE7C81E}.Debug|Win32.ActiveCfg = Debug|Win32
		{2BD3EFF9-29EC-4295-882C-B11D7BE7C81E}.Debug|Win32.Build.0 = Debug|Win32
		{2BD3EFF9-29EC-4295-882C-B11D7BE7C81E}.Release|Win32.ActiveCfg = Release|Win32
		{2BD3EFF9-29EC-4295-882C-B11D7BE7C81E}.Release|Win32.Build.0 = Release|Win32
		{9355337A-1BCF-4B01-BC77-22125250431C}.Debug|Win32.ActiveCfg = Debug|Win32
		{9355337A-1BCF-4B01-BC77-22125250431C}.Debug|Win32.Build.0 = Debug|Win32
		{9355337A-1BCF-4B01-BC77-22125250431C}.Release|Win32.ActiveCfg = Release|Win32
		{9355337A-1BCF-4B01-BC77-22125250431C}.Release|Win32.Build.0 = Release|Win32
		{B6D30784-FECB-49D8-A185-351AD9BC9D93}.Debug|Win32.ActiveCfg = Debug|Win32
		{B6D30784-FECB-49D8-A185-351AD9BC9D93}.Debug|Win32.Build.0 = Debug|Win32
		{B6D30784-FECB-49D8-A185-351AD9BC9D93}.Release|Win32.ActiveCfg = Release|Win32
		{B6D30784-FECB-49D8-A185-351AD9BC9D93}.Release|Win32.Build.0 = Release|Win32
	EndGlobalSection
	GlobalSection(SolutionProperties) = preSolution
		HideSolutionNode = FALSE
	EndGlobalSection
EndGlobal
