
Microsoft Visual Studio Solution File, Format Version 11.00
# Visual Studio 2010
Project("{8BC9CEB8-8B4A-11D0-8D11-00A0C91BC942}") = "CPPRunProgram01", "CPPRunProgram01\CPPRunProgram01.vcxproj", "{55F8DA79-AA6C-40B0-8E12-7173BC7967DD}"
EndProject
Global
	GlobalSection(SolutionConfigurationPlatforms) = preSolution
		Debug|Win32 = Debug|Win32
		Release|Win32 = Release|Win32
	EndGlobalSection
	GlobalSection(ProjectConfigurationPlatforms) = postSolution
		{55F8DA79-AA6C-40B0-8E12-7173BC7967DD}.Debug|Win32.ActiveCfg = Debug|Win32
		{55F8DA79-AA6C-40B0-8E12-7173BC7967DD}.Debug|Win32.Build.0 = Debug|Win32
		{55F8DA79-AA6C-40B0-8E12-7173BC7967DD}.Release|Win32.ActiveCfg = Release|Win32
		{55F8DA79-AA6C-40B0-8E12-7173BC7967DD}.Release|Win32.Build.0 = Release|Win32
	EndGlobalSection
	GlobalSection(SolutionProperties) = preSolution
		HideSolutionNode = FALSE
	EndGlobalSection
EndGlobal
